
Microsoft Visual Studio Solution File, Format Version 12.00
# Visual Studio Version 17
VisualStudioVersion = 17.6.33801.468
MinimumVisualStudioVersion = 10.0.40219.1
Project("{FAE04EC0-301F-11D3-BF4B-00C04F79EFBC}") = "EarningsStatus.WPF.UI", "EarningsStatus.WPF.UI\EarningsStatus.WPF.UI.csproj", "{FEBF4639-0537-428C-8192-29E151B019E5}"
EndProject
Global
	GlobalSection(SolutionConfigurationPlatforms) = preSolution
		Debug|Any CPU = Debug|Any CPU
		Release|Any CPU = Release|Any CPU
	EndGlobalSection
	GlobalSection(ProjectConfigurationPlatforms) = postSolution
		{FEBF4639-0537-428C-8192-29E151B019E5}.Debug|Any CPU.ActiveCfg = Debug|Any CPU
		{FEBF4639-0537-428C-8192-29E151B019E5}.Debug|Any CPU.Build.0 = Debug|Any CPU
		{FEBF4639-0537-428C-8192-29E151B019E5}.Release|Any CPU.ActiveCfg = Release|Any CPU
		{FEBF4639-0537-428C-8192-29E151B019E5}.Release|Any CPU.Build.0 = Release|Any CPU
	EndGlobalSection
	GlobalSection(SolutionProperties) = preSolution
		HideSolutionNode = FALSE
	EndGlobalSection
	GlobalSection(ExtensibilityGlobals) = postSolution
		SolutionGuid = {128D3E23-4033-449E-85B4-A6D2DD3F1067}
	EndGlobalSection
EndGlobal
